
Microsoft Visual Studio Solution File, Format Version 12.00
# Visual Studio Version 16
VisualStudioVersion = 16.0.31402.337
MinimumVisualStudioVersion = 10.0.40219.1
Project("{8BC9CEB8-8B4A-11D0-8D11-00A0C91BC942}") = "一站式航班服务系统", "一站式航班服务系统.vcxproj", "{8753617F-992B-4EC7-822E-45CC9ED477F3}"
EndProject
Global
	GlobalSection(SolutionConfigurationPlatforms) = preSolution
		Debug|x64 = Debug|x64
		Debug|x86 = Debug|x86
		Release|x64 = Release|x64
		Release|x86 = Release|x86
	EndGlobalSection
	GlobalSection(ProjectConfigurationPlatforms) = postSolution
		{8753617F-992B-4EC7-822E-45CC9ED477F3}.Debug|x64.ActiveCfg = Debug|x64
		{8753617F-992B-4EC7-822E-45CC9ED477F3}.Debug|x64.Build.0 = Debug|x64
		{8753617F-992B-4EC7-822E-45CC9ED477F3}.Debug|x86.ActiveCfg = Debug|Win32
		{8753617F-992B-4EC7-822E-45CC9ED477F3}.Debug|x86.Build.0 = Debug|Win32
		{8753617F-992B-4EC7-822E-45CC9ED477F3}.Release|x64.ActiveCfg = Release|x64
		{8753617F-992B-4EC7-822E-45CC9ED477F3}.Release|x64.Build.0 = Release|x64
		{8753617F-992B-4EC7-822E-45CC9ED477F3}.Release|x86.ActiveCfg = Release|Win32
		{8753617F-992B-4EC7-822E-45CC9ED477F3}.Release|x86.Build.0 = Release|Win32
	EndGlobalSection
	GlobalSection(SolutionProperties) = preSolution
		HideSolutionNode = FALSE
	EndGlobalSection
	GlobalSection(ExtensibilityGlobals) = postSolution
		SolutionGuid = {819B7CAE-8671-4717-8292-4182CAEB0463}
	EndGlobalSection
EndGlobal
